
Microsoft Visual Studio Solution File, Format Version 12.00
# Visual Studio 2013
VisualStudioVersion = 12.0.31101.0
MinimumVisualStudioVersion = 10.0.40219.1
Project("{FAE04EC0-301F-11D3-BF4B-00C04F79EFBC}") = "ASWebApp", "ASWebApp\ASWebApp.csproj", "{772B272C-C59F-4B20-AEBE-084331870FFE}"
EndProject
Project("{FAE04EC0-301F-11D3-BF4B-00C04F79EFBC}") = "ASWebApp.Tests", "ASWebApp.Tests\ASWebApp.Tests.csproj", "{38CEB5DB-57E2-4ECC-AA3C-945FF97AA0D7}"
EndProject
Global
	GlobalSection(SolutionConfigurationPlatforms) = preSolution
		Debug|Any CPU = Debug|Any CPU
		Release|Any CPU = Release|Any CPU
	EndGlobalSection
	GlobalSection(ProjectConfigurationPlatforms) = postSolution
		{772B272C-C59F-4B20-AEBE-084331870FFE}.Debug|Any CPU.ActiveCfg = Debug|Any CPU
		{772B272C-C59F-4B20-AEBE-084331870FFE}.Debug|Any CPU.Build.0 = Debug|Any CPU
		{772B272C-C59F-4B20-AEBE-084331870FFE}.Release|Any CPU.ActiveCfg = Release|Any CPU
		{772B272C-C59F-4B20-AEBE-084331870FFE}.Release|Any CPU.Build.0 = Release|Any CPU
		{38CEB5DB-57E2-4ECC-AA3C-945FF97AA0D7}.Debug|Any CPU.ActiveCfg = Debug|Any CPU
		{38CEB5DB-57E2-4ECC-AA3C-945FF97AA0D7}.Debug|Any CPU.Build.0 = Debug|Any CPU
		{38CEB5DB-57E2-4ECC-AA3C-945FF97AA0D7}.Release|Any CPU.ActiveCfg = Release|Any CPU
		{38CEB5DB-57E2-4ECC-AA3C-945FF97AA0D7}.Release|Any CPU.Build.0 = Release|Any CPU
	EndGlobalSection
	GlobalSection(SolutionProperties) = preSolution
		HideSolutionNode = FALSE
	EndGlobalSection
EndGlobal
